
Microsoft Visual Studio Solution File, Format Version 12.00
# Visual Studio Version 16
VisualStudioVersion = 16.0.30503.244
MinimumVisualStudioVersion = 10.0.40219.1
Project("{FAE04EC0-301F-11D3-BF4B-00C04F79EFBC}") = "StaticProperty", "StaticProperty.csproj", "{A8038EA2-0705-40F4-80A0-794A7DEE6D96}"
EndProject
Global
	GlobalSection(SolutionConfigurationPlatforms) = preSolution
		Debug|Any CPU = Debug|Any CPU
		Release|Any CPU = Release|Any CPU
	EndGlobalSection
	GlobalSection(ProjectConfigurationPlatforms) = postSolution
		{A8038EA2-0705-40F4-80A0-794A7DEE6D96}.Debug|Any CPU.ActiveCfg = Debug|Any CPU
		{A8038EA2-0705-40F4-80A0-794A7DEE6D96}.Debug|Any CPU.Build.0 = Debug|Any CPU
		{A8038EA2-0705-40F4-80A0-794A7DEE6D96}.Release|Any CPU.ActiveCfg = Release|Any CPU
		{A8038EA2-0705-40F4-80A0-794A7DEE6D96}.Release|Any CPU.Build.0 = Release|Any CPU
	EndGlobalSection
	GlobalSection(SolutionProperties) = preSolution
		HideSolutionNode = FALSE
	EndGlobalSection
	GlobalSection(ExtensibilityGlobals) = postSolution
		SolutionGuid = {E40ECFBE-82FE-40AA-A985-C833FE47369B}
	EndGlobalSection
EndGlobal
